
Microsoft Visual Studio Solution File, Format Version 12.00
# Visual Studio Version 16
VisualStudioVersion = 16.0.29609.76
MinimumVisualStudioVersion = 10.0.40219.1
Project("{FAE04EC0-301F-11D3-BF4B-00C04F79EFBC}") = "NewCURD", "NewCURD\NewCURD.csproj", "{A842EB84-ED21-4D4C-880A-7D61763F9F39}"
EndProject
Global
	GlobalSection(SolutionConfigurationPlatforms) = preSolution
		Debug|Any CPU = Debug|Any CPU
		Release|Any CPU = Release|Any CPU
	EndGlobalSection
	GlobalSection(ProjectConfigurationPlatforms) = postSolution
		{A842EB84-ED21-4D4C-880A-7D61763F9F39}.Debug|Any CPU.ActiveCfg = Debug|Any CPU
		{A842EB84-ED21-4D4C-880A-7D61763F9F39}.Debug|Any CPU.Build.0 = Debug|Any CPU
		{A842EB84-ED21-4D4C-880A-7D61763F9F39}.Release|Any CPU.ActiveCfg = Release|Any CPU
		{A842EB84-ED21-4D4C-880A-7D61763F9F39}.Release|Any CPU.Build.0 = Release|Any CPU
	EndGlobalSection
	GlobalSection(SolutionProperties) = preSolution
		HideSolutionNode = FALSE
	EndGlobalSection
	GlobalSection(ExtensibilityGlobals) = postSolution
		SolutionGuid = {0FBFA2E6-0AF4-4883-A146-1FDC3B9B7CC8}
	EndGlobalSection
EndGlobal
